id: dstardd_dstardd_decoder
label: D-Star DD Decoder
category: '[D-Star DD]'

templates:
  imports: from gnuradio import dstardd
  make: dstardd.dstardd_decoder(${verbose})

parameters:
- id: verbose
  label: Verbose
  dtype: bool
  default: True

inputs:
- label: in
  domain: stream
  dtype: byte

outputs:
- label: pdu
  domain: message
  optional: 1

file_format: 1
